
Microsoft Visual Studio Solution File, Format Version 12.00
# Visual Studio Version 17
VisualStudioVersion = 17.11.35312.102
MinimumVisualStudioVersion = 10.0.40219.1
Project("{FAE04EC0-301F-11D3-BF4B-00C04F79EFBC}") = "unit1 codes", "unit1 codes\unit1 codes.csproj", "{011E493E-6FE1-41AA-9CDC-44325C106ECA}"
EndProject
Global
	GlobalSection(SolutionConfigurationPlatforms) = preSolution
		Debug|Any CPU = Debug|Any CPU
		Release|Any CPU = Release|Any CPU
	EndGlobalSection
	GlobalSection(ProjectConfigurationPlatforms) = postSolution
		{011E493E-6FE1-41AA-9CDC-44325C106ECA}.Debug|Any CPU.ActiveCfg = Debug|Any CPU
		{011E493E-6FE1-41AA-9CDC-44325C106ECA}.Debug|Any CPU.Build.0 = Debug|Any CPU
		{011E493E-6FE1-41AA-9CDC-44325C106ECA}.Release|Any CPU.ActiveCfg = Release|Any CPU
		{011E493E-6FE1-41AA-9CDC-44325C106ECA}.Release|Any CPU.Build.0 = Release|Any CPU
	EndGlobalSection
	GlobalSection(SolutionProperties) = preSolution
		HideSolutionNode = FALSE
	EndGlobalSection
	GlobalSection(ExtensibilityGlobals) = postSolution
		SolutionGuid = {62EE11FB-753C-402B-897C-16DDAFDE0D97}
	EndGlobalSection
EndGlobal
